hash: 3b2b404adb8415029f5f35358681cf664097e01dfed9119b08619c163e77d046
updated: 2019-03-01T15:28:45.078229+05:30
imports:
- name: github.com/astaxie/beego
  version: bb6ca6b100f885b0b04ce44848b597a19333d2f1
  subpackages:
  - config
  - context
  - context/param
  - grace
  - logs
  - session
  - toolbox
  - utils
- name: github.com/BurntSushi/toml
  version: 3012a1dbe2e4bd1391d42b32f0577cb7bbc7f005
- name: github.com/golang/glog
  version: 44145f04b68cf362d9c4df2182967c2275eaefed
- name: github.com/Masterminds/glide
  version: 9ef6ca313b3200079861f2de4e567b1d22081d19
  subpackages:
  - cfg
  - godep/strip
  - mirrors
  - msg
  - path
  - util
- name: github.com/Masterminds/vcs
  version: b4f55832432b95a611cf1495272b5c8e24952a1a
- name: github.com/mitchellh/go-homedir
  version: af06845cf3004701891bf4fdb884bfe4920b3727
- name: github.com/openshift/api
  version: 0d921e363e951d89f583292c60d013c318df64dc
  subpackages:
  - image/v1
- name: github.com/pkg/errors
  version: ba968bfe8b2f7e042a574c888954fccecfa385b4
- name: golang.org/x/crypto
  version: 8dd112bcdc25174059e45e07517d9fc663123347
  subpackages:
  - acme
  - acme/autocert
- name: golang.org/x/tools
  version: 589c23e65e65055d47b9ad4a99723bc389136265
  subpackages:
  - go
  - go/vcs
  - vcs
- name: gopkg.in/yaml.v2
  version: 53feefa2559fb8dfa8d81baad31be332c97d6c77
- name: k8s.io/apimachinery
  version: 68f9c3a1feb3140df59c67ced62d3a5df8e6c9c2
  subpackages:
  - pkg/util/runtime
  - pkg/util/wait
testImports: []
